
Microsoft Visual Studio Solution File, Format Version 12.00
# Visual Studio Version 17
VisualStudioVersion = 17.9.34728.123
MinimumVisualStudioVersion = 10.0.40219.1
Project("{FAE04EC0-301F-11D3-BF4B-00C04F79EFBC}") = "Villahermosaaa", "Villahermosaaa\Villahermosaaa.csproj", "{05CEDCD0-EBBD-4217-B602-C2CB6D510567}"
EndProject
Global
	GlobalSection(SolutionConfigurationPlatforms) = preSolution
		Debug|Any CPU = Debug|Any CPU
		Release|Any CPU = Release|Any CPU
	EndGlobalSection
	GlobalSection(ProjectConfigurationPlatforms) = postSolution
		{05CEDCD0-EBBD-4217-B602-C2CB6D510567}.Debug|Any CPU.ActiveCfg = Debug|Any CPU
		{05CEDCD0-EBBD-4217-B602-C2CB6D510567}.Debug|Any CPU.Build.0 = Debug|Any CPU
		{05CEDCD0-EBBD-4217-B602-C2CB6D510567}.Release|Any CPU.ActiveCfg = Release|Any CPU
		{05CEDCD0-EBBD-4217-B602-C2CB6D510567}.Release|Any CPU.Build.0 = Release|Any CPU
	EndGlobalSection
	GlobalSection(SolutionProperties) = preSolution
		HideSolutionNode = FALSE
	EndGlobalSection
	GlobalSection(ExtensibilityGlobals) = postSolution
		SolutionGuid = {547FB455-79F7-47B7-AC45-2BF5F75C474E}
	EndGlobalSection
EndGlobal
